
Microsoft Visual Studio Solution File, Format Version 12.00
# Visual Studio 15
VisualStudioVersion = 15.0.28307.421
MinimumVisualStudioVersion = 10.0.40219.1
Project("{FAE04EC0-301F-11D3-BF4B-00C04F79EFBC}") = "ConsoleApp15", "ConsoleApp15\ConsoleApp15.csproj", "{76262D61-F178-4AB2-B15B-24E5CF786BAA}"
EndProject
Global
	GlobalSection(SolutionConfigurationPlatforms) = preSolution
		Debug|Any CPU = Debug|Any CPU
		Release|Any CPU = Release|Any CPU
	EndGlobalSection
	GlobalSection(ProjectConfigurationPlatforms) = postSolution
		{76262D61-F178-4AB2-B15B-24E5CF786BAA}.Debug|Any CPU.ActiveCfg = Debug|Any CPU
		{76262D61-F178-4AB2-B15B-24E5CF786BAA}.Debug|Any CPU.Build.0 = Debug|Any CPU
		{76262D61-F178-4AB2-B15B-24E5CF786BAA}.Release|Any CPU.ActiveCfg = Release|Any CPU
		{76262D61-F178-4AB2-B15B-24E5CF786BAA}.Release|Any CPU.Build.0 = Release|Any CPU
	EndGlobalSection
	GlobalSection(SolutionProperties) = preSolution
		HideSolutionNode = FALSE
	EndGlobalSection
	GlobalSection(ExtensibilityGlobals) = postSolution
		SolutionGuid = {F2DE6FA9-DC96-4EDA-9501-10240F46A11B}
	EndGlobalSection
EndGlobal
